
Microsoft Visual Studio Solution File, Format Version 12.00
# Visual Studio Version 17
VisualStudioVersion = 17.14.36212.18 d17.14
MinimumVisualStudioVersion = 10.0.40219.1
Project("{FAE04EC0-301F-11D3-BF4B-00C04F79EFBC}") = "WPFUI", "WPFUI\WPFUI.csproj", "{1B9912DC-5AC1-4AC9-A33C-B90F91E5D1AE}"
EndProject
Project("{FAE04EC0-301F-11D3-BF4B-00C04F79EFBC}") = "Engine", "Engine\Engine.csproj", "{21942D75-612D-4A17-9409-C08EF1090CED}"
EndProject
Global
	GlobalSection(SolutionConfigurationPlatforms) = preSolution
		Debug|Any CPU = Debug|Any CPU
		Release|Any CPU = Release|Any CPU
	EndGlobalSection
	GlobalSection(ProjectConfigurationPlatforms) = postSolution
		{1B9912DC-5AC1-4AC9-A33C-B90F91E5D1AE}.Debug|Any CPU.ActiveCfg = Debug|Any CPU
		{1B9912DC-5AC1-4AC9-A33C-B90F91E5D1AE}.Debug|Any CPU.Build.0 = Debug|Any CPU
		{1B9912DC-5AC1-4AC9-A33C-B90F91E5D1AE}.Release|Any CPU.ActiveCfg = Release|Any CPU
		{1B9912DC-5AC1-4AC9-A33C-B90F91E5D1AE}.Release|Any CPU.Build.0 = Release|Any CPU
		{21942D75-612D-4A17-9409-C08EF1090CED}.Debug|Any CPU.ActiveCfg = Debug|Any CPU
		{21942D75-612D-4A17-9409-C08EF1090CED}.Debug|Any CPU.Build.0 = Debug|Any CPU
		{21942D75-612D-4A17-9409-C08EF1090CED}.Release|Any CPU.ActiveCfg = Release|Any CPU
		{21942D75-612D-4A17-9409-C08EF1090CED}.Release|Any CPU.Build.0 = Release|Any CPU
	EndGlobalSection
	GlobalSection(SolutionProperties) = preSolution
		HideSolutionNode = FALSE
	EndGlobalSection
	GlobalSection(ExtensibilityGlobals) = postSolution
		SolutionGuid = {9CB2754C-1BC9-4096-9A4E-EFA2D87584C7}
	EndGlobalSection
EndGlobal
